// !$*UTF8*$!
{
	archiveVersion = 1;
	classes = {
	};
	objectVersion = 46;
	objects = {

/* Begin PBXBuildFile section */
		5F64911D1CDFB6CD00AA9D8F /* PAJSONRequest.h in Headers */ = {isa = PBXBuildFile; fileRef = 5F64911C1CDFB6CD00AA9D8F /* PAJSONRequest.h */; settings = {ATTRIBUTES = (Public, ); }; };
		5F6491241CDFB6CD00AA9D8F /* PAJSONRequest.framework in Frameworks */ = {isa = PBXBuildFile; fileRef = 5F6491191CDFB6CD00AA9D8F /* PAJSONRequest.framework */; };
		5F6491291CDFB6CD00AA9D8F /* PAJSONRequestTests.m in Sources */ = {isa = PBXBuildFile; fileRef = 5F6491281CDFB6CD00AA9D8F /* PAJSONRequestTests.m */; };
		5F64913A1CDFB76B00AA9D8F /* ServerRequestUtils.h in Headers */ = {isa = PBXBuildFile; fileRef = 5F6491381CDFB76B00AA9D8F /* ServerRequestUtils.h */; };
		5F64913B1CDFB76B00AA9D8F /* ServerRequestUtils.m in Sources */ = {isa = PBXBuildFile; fileRef = 5F6491391CDFB76B00AA9D8F /* ServerRequestUtils.m */; };
		5F64913E1CDFB77200AA9D8F /* NetworkFactoryRequests.h in Headers */ = {isa = PBXBuildFile; fileRef = 5F64913C1CDFB77200AA9D8F /* NetworkFactoryRequests.h */; };
		5F64913F1CDFB77200AA9D8F /* NetworkFactoryRequests.m in Sources */ = {isa = PBXBuildFile; fileRef = 5F64913D1CDFB77200AA9D8F /* NetworkFactoryRequests.m */; };
		5F64914C1CDFB8A100AA9D8F /* JSONRequestRetry.h in Headers */ = {isa = PBXBuildFile; fileRef = 5F6491481CDFB8A100AA9D8F /* JSONRequestRetry.h */; };
		5F64914D1CDFB8A100AA9D8F /* JSONRequestRetry.m in Sources */ = {isa = PBXBuildFile; fileRef = 5F6491491CDFB8A100AA9D8F /* JSONRequestRetry.m */; };
		5F64914E1CDFB8A100AA9D8F /* JSONRequestsManager.h in Headers */ = {isa = PBXBuildFile; fileRef = 5F64914A1CDFB8A100AA9D8F /* JSONRequestsManager.h */; };
		5F64914F1CDFB8A100AA9D8F /* JSONRequestsManager.m in Sources */ = {isa = PBXBuildFile; fileRef = 5F64914B1CDFB8A100AA9D8F /* JSONRequestsManager.m */; };
/* End PBXBuildFile section */

/* Begin PBXContainerItemProxy section */
		5F6491251CDFB6CD00AA9D8F /* PBXContainerItemProxy */ = {
			isa = PBXContainerItemProxy;
			containerPortal = 5F6491101CDFB6CD00AA9D8F /* Project object */;
			proxyType = 1;
			remoteGlobalIDString = 5F6491181CDFB6CD00AA9D8F;
			remoteInfo = PAJSONRequest;
		};
/* End PBXContainerItemProxy section */

/* Begin PBXFileReference section */
		5F6491191CDFB6CD00AA9D8F /* PAJSONRequest.framework */ = {isa = PBXFileReference; explicitFileType = wrapper.framework; includeInIndex = 0; path = PAJSONRequest.framework; sourceTree = BUILT_PRODUCTS_DIR; };
		5F64911C1CDFB6CD00AA9D8F /* PAJSONRequest.h */ = {isa = PBXFileReference; lastKnownFileType = sourcecode.c.h; path = PAJSONRequest.h; sourceTree = "<group>"; };
		5F64911E1CDFB6CD00AA9D8F /* Info.plist */ = {isa = PBXFileReference; lastKnownFileType = text.plist.xml; path = Info.plist; sourceTree = "<group>"; };
		5F6491231CDFB6CD00AA9D8F /* PAJSONRequestTests.xctest */ = {isa = PBXFileReference; explicitFileType = wrapper.cfbundle; includeInIndex = 0; path = PAJSONRequestTests.xctest; sourceTree = BUILT_PRODUCTS_DIR; };
		5F6491281CDFB6CD00AA9D8F /* PAJSONRequestTests.m */ = {isa = PBXFileReference; lastKnownFileType = sourcecode.c.objc; path = PAJSONRequestTests.m; sourceTree = "<group>"; };
		5F64912A1CDFB6CD00AA9D8F /* Info.plist */ = {isa = PBXFileReference; lastKnownFileType = text.plist.xml; path = Info.plist; sourceTree = "<group>"; };
		5F6491381CDFB76B00AA9D8F /* ServerRequestUtils.h */ = {isa = PBXFileReference; fileEncoding = 4; lastKnownFileType = sourcecode.c.h; name = ServerRequestUtils.h; path = Utils/Network/ServerRequestUtils/ServerRequestUtils.h; sourceTree = "<group>"; };
		5F6491391CDFB76B00AA9D8F /* ServerRequestUtils.m */ = {isa = PBXFileReference; fileEncoding = 4; lastKnownFileType = sourcecode.c.objc; name = ServerRequestUtils.m; path = Utils/Network/ServerRequestUtils/ServerRequestUtils.m; sourceTree = "<group>"; };
		5F64913C1CDFB77200AA9D8F /* NetworkFactoryRequests.h */ = {isa = PBXFileReference; fileEncoding = 4; lastKnownFileType = sourcecode.c.h; name = NetworkFactoryRequests.h; path = Utils/Network/NetworkFactoryRequests/NetworkFactoryRequests.h; sourceTree = "<group>"; };
		5F64913D1CDFB77200AA9D8F /* NetworkFactoryRequests.m */ = {isa = PBXFileReference; fileEncoding = 4; lastKnownFileType = sourcecode.c.objc; name = NetworkFactoryRequests.m; path = Utils/Network/NetworkFactoryRequests/NetworkFactoryRequests.m; sourceTree = "<group>"; };
		5F6491481CDFB8A100AA9D8F /* JSONRequestRetry.h */ = {isa = PBXFileReference; fileEncoding = 4; lastKnownFileType = sourcecode.c.h; path = JSONRequestRetry.h; sourceTree = "<group>"; };
		5F6491491CDFB8A100AA9D8F /* JSONRequestRetry.m */ = {isa = PBXFileReference; fileEncoding = 4; lastKnownFileType = sourcecode.c.objc; path = JSONRequestRetry.m; sourceTree = "<group>"; };
		5F64914A1CDFB8A100AA9D8F /* JSONRequestsManager.h */ = {isa = PBXFileReference; fileEncoding = 4; lastKnownFileType = sourcecode.c.h; path = JSONRequestsManager.h; sourceTree = "<group>"; };
		5F64914B1CDFB8A100AA9D8F /* JSONRequestsManager.m */ = {isa = PBXFileReference; fileEncoding = 4; lastKnownFileType = sourcecode.c.objc; path = JSONRequestsManager.m; sourceTree = "<group>"; };
/* End PBXFileReference section */

/* Begin PBXFrameworksBuildPhase section */
		5F6491151CDFB6CD00AA9D8F /* Frameworks */ = {
			isa = PBXFrameworksBuildPhase;
			buildActionMask = 2147483647;
			files = (
			);
			runOnlyForDeploymentPostprocessing = 0;
		};
		5F6491201CDFB6CD00AA9D8F /* Frameworks */ = {
			isa = PBXFrameworksBuildPhase;
			buildActionMask = 2147483647;
			files = (
				5F6491241CDFB6CD00AA9D8F /* PAJSONRequest.framework in Frameworks */,
			);
			runOnlyForDeploymentPostprocessing = 0;
		};
/* End PBXFrameworksBuildPhase section */

/* Begin PBXGroup section */
		5F64910F1CDFB6CD00AA9D8F = {
			isa = PBXGroup;
			children = (
				5F6491331CDFB73600AA9D8F /* Utils */,
				5F64911B1CDFB6CD00AA9D8F /* PAJSONRequest */,
				5F6491271CDFB6CD00AA9D8F /* PAJSONRequestTests */,
				5F64911A1CDFB6CD00AA9D8F /* Products */,
			);
			sourceTree = "<group>";
		};
		5F64911A1CDFB6CD00AA9D8F /* Products */ = {
			isa = PBXGroup;
			children = (
				5F6491191CDFB6CD00AA9D8F /* PAJSONRequest.framework */,
				5F6491231CDFB6CD00AA9D8F /* PAJSONRequestTests.xctest */,
			);
			name = Products;
			sourceTree = "<group>";
		};
		5F64911B1CDFB6CD00AA9D8F /* PAJSONRequest */ = {
			isa = PBXGroup;
			children = (
				5F6491481CDFB8A100AA9D8F /* JSONRequestRetry.h */,
				5F6491491CDFB8A100AA9D8F /* JSONRequestRetry.m */,
				5F64914A1CDFB8A100AA9D8F /* JSONRequestsManager.h */,
				5F64914B1CDFB8A100AA9D8F /* JSONRequestsManager.m */,
				5F64911C1CDFB6CD00AA9D8F /* PAJSONRequest.h */,
				5F64911E1CDFB6CD00AA9D8F /* Info.plist */,
			);
			path = PAJSONRequest;
			sourceTree = "<group>";
		};
		5F6491271CDFB6CD00AA9D8F /* PAJSONRequestTests */ = {
			isa = PBXGroup;
			children = (
				5F6491281CDFB6CD00AA9D8F /* PAJSONRequestTests.m */,
				5F64912A1CDFB6CD00AA9D8F /* Info.plist */,
			);
			path = PAJSONRequestTests;
			sourceTree = "<group>";
		};
		5F6491331CDFB73600AA9D8F /* Utils */ = {
			isa = PBXGroup;
			children = (
				5F6491341CDFB75000AA9D8F /* Network */,
			);
			name = Utils;
			sourceTree = "<group>";
		};
		5F6491341CDFB75000AA9D8F /* Network */ = {
			isa = PBXGroup;
			children = (
				5F6491371CDFB76400AA9D8F /* ServerRequestUtils */,
				5F6491361CDFB75E00AA9D8F /* NetworkFactoryRequests */,
			);
			name = Network;
			sourceTree = "<group>";
		};
		5F6491361CDFB75E00AA9D8F /* NetworkFactoryRequests */ = {
			isa = PBXGroup;
			children = (
				5F64913C1CDFB77200AA9D8F /* NetworkFactoryRequests.h */,
				5F64913D1CDFB77200AA9D8F /* NetworkFactoryRequests.m */,
			);
			name = NetworkFactoryRequests;
			sourceTree = "<group>";
		};
		5F6491371CDFB76400AA9D8F /* ServerRequestUtils */ = {
			isa = PBXGroup;
			children = (
				5F6491381CDFB76B00AA9D8F /* ServerRequestUtils.h */,
				5F6491391CDFB76B00AA9D8F /* ServerRequestUtils.m */,
			);
			name = ServerRequestUtils;
			sourceTree = "<group>";
		};
/* End PBXGroup section */

/* Begin PBXHeadersBuildPhase section */
		5F6491161CDFB6CD00AA9D8F /* Headers */ = {
			isa = PBXHeadersBuildPhase;
			buildActionMask = 2147483647;
			files = (
				5F64913E1CDFB77200AA9D8F /* NetworkFactoryRequests.h in Headers */,
				5F64914C1CDFB8A100AA9D8F /* JSONRequestRetry.h in Headers */,
				5F64911D1CDFB6CD00AA9D8F /* PAJSONRequest.h in Headers */,
				5F64914E1CDFB8A100AA9D8F /* JSONRequestsManager.h in Headers */,
				5F64913A1CDFB76B00AA9D8F /* ServerRequestUtils.h in Headers */,
			);
			runOnlyForDeploymentPostprocessing = 0;
		};
/* End PBXHeadersBuildPhase section */

/* Begin PBXNativeTarget section */
		5F6491181CDFB6CD00AA9D8F /* PAJSONRequest */ = {
			isa = PBXNativeTarget;
			buildConfigurationList = 5F64912D1CDFB6CD00AA9D8F /* Build configuration list for PBXNativeTarget "PAJSONRequest" */;
			buildPhases = (
				5F6491141CDFB6CD00AA9D8F /* Sources */,
				5F6491151CDFB6CD00AA9D8F /* Frameworks */,
				5F6491161CDFB6CD00AA9D8F /* Headers */,
				5F6491171CDFB6CD00AA9D8F /* Resources */,
			);
			buildRules = (
			);
			dependencies = (
			);
			name = PAJSONRequest;
			productName = PAJSONRequest;
			productReference = 5F6491191CDFB6CD00AA9D8F /* PAJSONRequest.framework */;
			productType = "com.apple.product-type.framework";
		};
		5F6491221CDFB6CD00AA9D8F /* PAJSONRequestTests */ = {
			isa = PBXNativeTarget;
			buildConfigurationList = 5F6491301CDFB6CD00AA9D8F /* Build configuration list for PBXNativeTarget "PAJSONRequestTests" */;
			buildPhases = (
				5F64911F1CDFB6CD00AA9D8F /* Sources */,
				5F6491201CDFB6CD00AA9D8F /* Frameworks */,
				5F6491211CDFB6CD00AA9D8F /* Resources */,
			);
			buildRules = (
			);
			dependencies = (
				5F6491261CDFB6CD00AA9D8F /* PBXTargetDependency */,
			);
			name = PAJSONRequestTests;
			productName = PAJSONRequestTests;
			productReference = 5F6491231CDFB6CD00AA9D8F /* PAJSONRequestTests.xctest */;
			productType = "com.apple.product-type.bundle.unit-test";
		};
/* End PBXNativeTarget section */

/* Begin PBXProject section */
		5F6491101CDFB6CD00AA9D8F /* Project object */ = {
			isa = PBXProject;
			attributes = {
				LastUpgradeCheck = 0730;
				ORGANIZATIONNAME = "Pablo Alejandro";
				TargetAttributes = {
					5F6491181CDFB6CD00AA9D8F = {
						CreatedOnToolsVersion = 7.3;
					};
					5F6491221CDFB6CD00AA9D8F = {
						CreatedOnToolsVersion = 7.3;
					};
				};
			};
			buildConfigurationList = 5F6491131CDFB6CD00AA9D8F /* Build configuration list for PBXProject "PAJSONRequest" */;
			compatibilityVersion = "Xcode 3.2";
			developmentRegion = English;
			hasScannedForEncodings = 0;
			knownRegions = (
				en,
			);
			mainGroup = 5F64910F1CDFB6CD00AA9D8F;
			productRefGroup = 5F64911A1CDFB6CD00AA9D8F /* Products */;
			projectDirPath = "";
			projectRoot = "";
			targets = (
				5F6491181CDFB6CD00AA9D8F /* PAJSONRequest */,
				5F6491221CDFB6CD00AA9D8F /* PAJSONRequestTests */,
			);
		};
/* End PBXProject section */

/* Begin PBXResourcesBuildPhase section */
		5F6491171CDFB6CD00AA9D8F /* Resources */ = {
			isa = PBXResourcesBuildPhase;
			buildActionMask = 2147483647;
			files = (
			);
			runOnlyForDeploymentPostprocessing = 0;
		};
		5F6491211CDFB6CD00AA9D8F /* Resources */ = {
			isa = PBXResourcesBuildPhase;
			buildActionMask = 2147483647;
			files = (
			);
			runOnlyForDeploymentPostprocessing = 0;
		};
/* End PBXResourcesBuildPhase section */

/* Begin PBXSourcesBuildPhase section */
		5F6491141CDFB6CD00AA9D8F /* Sources */ = {
			isa = PBXSourcesBuildPhase;
			buildActionMask = 2147483647;
			files = (
				5F64913B1CDFB76B00AA9D8F /* ServerRequestUtils.m in Sources */,
				5F64914F1CDFB8A100AA9D8F /* JSONRequestsManager.m in Sources */,
				5F64913F1CDFB77200AA9D8F /* NetworkFactoryRequests.m in Sources */,
				5F64914D1CDFB8A100AA9D8F /* JSONRequestRetry.m in Sources */,
			);
			runOnlyForDeploymentPostprocessing = 0;
		};
		5F64911F1CDFB6CD00AA9D8F /* Sources */ = {
			isa = PBXSourcesBuildPhase;
			buildActionMask = 2147483647;
			files = (
				5F6491291CDFB6CD00AA9D8F /* PAJSONRequestTests.m in Sources */,
			);
			runOnlyForDeploymentPostprocessing = 0;
		};
/* End PBXSourcesBuildPhase section */

/* Begin PBXTargetDependency section */
		5F6491261CDFB6CD00AA9D8F /* PBXTargetDependency */ = {
			isa = PBXTargetDependency;
			target = 5F6491181CDFB6CD00AA9D8F /* PAJSONRequest */;
			targetProxy = 5F6491251CDFB6CD00AA9D8F /* PBXContainerItemProxy */;
		};
/* End PBXTargetDependency section */

/* Begin XCBuildConfiguration section */
		5F64912B1CDFB6CD00AA9D8F /* Debug */ = {
			isa = XCBuildConfiguration;
			buildSettings = {
				ALWAYS_SEARCH_USER_PATHS = NO;
				CLANG_ANALYZER_NONNULL = YES;
				CLANG_CXX_LANGUAGE_STANDARD = "gnu++0x";
				CLANG_CXX_LIBRARY = "libc++";
				CLANG_ENABLE_MODULES = YES;
				CLANG_ENABLE_OBJC_ARC = YES;
				CLANG_WARN_BOOL_CONVERSION = YES;
				CLANG_WARN_CONSTANT_CONVERSION = YES;
				CLANG_WARN_DIRECT_OBJC_ISA_USAGE = YES_ERROR;
				CLANG_WARN_EMPTY_BODY = YES;
				CLANG_WARN_ENUM_CONVERSION = YES;
				CLANG_WARN_INT_CONVERSION = YES;
				CLANG_WARN_OBJC_ROOT_CLASS = YES_ERROR;
				CLANG_WARN_UNREACHABLE_CODE = YES;
				CLANG_WARN__DUPLICATE_METHOD_MATCH = YES;
				"CODE_SIGN_IDENTITY[sdk=iphoneos*]" = "iPhone Developer";
				COPY_PHASE_STRIP = NO;
				CURRENT_PROJECT_VERSION = 1;
				DEBUG_INFORMATION_FORMAT = dwarf;
				ENABLE_STRICT_OBJC_MSGSEND = YES;
				ENABLE_TESTABILITY = YES;
				GCC_C_LANGUAGE_STANDARD = gnu99;
				GCC_DYNAMIC_NO_PIC = NO;
				GCC_NO_COMMON_BLOCKS = YES;
				GCC_OPTIMIZATION_LEVEL = 0;
				GCC_PREPROCESSOR_DEFINITIONS = (
					"DEBUG=1",
					"$(inherited)",
				);
				GCC_WARN_64_TO_32_BIT_CONVERSION = YES;
				GCC_WARN_ABOUT_RETURN_TYPE = YES_ERROR;
				GCC_WARN_UNDECLARED_SELECTOR = YES;
				GCC_WARN_UNINITIALIZED_AUTOS = YES_AGGRESSIVE;
				GCC_WARN_UNUSED_FUNCTION = YES;
				GCC_WARN_UNUSED_VARIABLE = YES;
				IPHONEOS_DEPLOYMENT_TARGET = 9.3;
				MTL_ENABLE_DEBUG_INFO = YES;
				ONLY_ACTIVE_ARCH = YES;
				SDKROOT = iphoneos;
				TARGETED_DEVICE_FAMILY = "1,2";
				VERSIONING_SYSTEM = "apple-generic";
				VERSION_INFO_PREFIX = "";
			};
			name = Debug;
		};
		5F64912C1CDFB6CD00AA9D8F /* Release */ = {
			isa = XCBuildConfiguration;
			buildSettings = {
				ALWAYS_SEARCH_USER_PATHS = NO;
				CLANG_ANALYZER_NONNULL = YES;
				CLANG_CXX_LANGUAGE_STANDARD = "gnu++0x";
				CLANG_CXX_LIBRARY = "libc++";
				CLANG_ENABLE_MODULES = YES;
				CLANG_ENABLE_OBJC_ARC = YES;
				CLANG_WARN_BOOL_CONVERSION = YES;
				CLANG_WARN_CONSTANT_CONVERSION = YES;
				CLANG_WARN_DIRECT_OBJC_ISA_USAGE = YES_ERROR;
				CLANG_WARN_EMPTY_BODY = YES;
				CLANG_WARN_ENUM_CONVERSION = YES;
				CLANG_WARN_INT_CONVERSION = YES;
				CLANG_WARN_OBJC_ROOT_CLASS = YES_ERROR;
				CLANG_WARN_UNREACHABLE_CODE = YES;
				CLANG_WARN__DUPLICATE_METHOD_MATCH = YES;
				"CODE_SIGN_IDENTITY[sdk=iphoneos*]" = "iPhone Developer";
				COPY_PHASE_STRIP = NO;
				CURRENT_PROJECT_VERSION = 1;
				DEBUG_INFORMATION_FORMAT = "dwarf-with-dsym";
				ENABLE_NS_ASSERTIONS = NO;
				ENABLE_STRICT_OBJC_MSGSEND = YES;
				GCC_C_LANGUAGE_STANDARD = gnu99;
				GCC_NO_COMMON_BLOCKS = YES;
				GCC_WARN_64_TO_32_BIT_CONVERSION = YES;
				GCC_WARN_ABOUT_RETURN_TYPE = YES_ERROR;
				GCC_WARN_UNDECLARED_SELECTOR = YES;
				GCC_WARN_UNINITIALIZED_AUTOS = YES_AGGRESSIVE;
				GCC_WARN_UNUSED_FUNCTION = YES;
				GCC_WARN_UNUSED_VARIABLE = YES;
				IPHONEOS_DEPLOYMENT_TARGET = 9.3;
				MTL_ENABLE_DEBUG_INFO = NO;
				SDKROOT = iphoneos;
				TARGETED_DEVICE_FAMILY = "1,2";
				VALIDATE_PRODUCT = YES;
				VERSIONING_SYSTEM = "apple-generic";
				VERSION_INFO_PREFIX = "";
			};
			name = Release;
		};
		5F64912E1CDFB6CD00AA9D8F /* Debug */ = {
			isa = XCBuildConfiguration;
			buildSettings = {
				DEFINES_MODULE = YES;
				DYLIB_COMPATIBILITY_VERSION = 1;
				DYLIB_CURRENT_VERSION = 1;
				DYLIB_INSTALL_NAME_BASE = "@rpath";
				INFOPLIST_FILE = PAJSONRequest/Info.plist;
				INSTALL_PATH = "$(LOCAL_LIBRARY_DIR)/Frameworks";
				LD_RUNPATH_SEARCH_PATHS = "$(inherited) @executable_path/Frameworks @loader_path/Frameworks";
				PRODUCT_BUNDLE_IDENTIFIER = com.pabloalejandro.PAJSONRequest;
				PRODUCT_NAME = "$(TARGET_NAME)";
				SKIP_INSTALL = YES;
			};
			name = Debug;
		};
		5F64912F1CDFB6CD00AA9D8F /* Release */ = {
			isa = XCBuildConfiguration;
			buildSettings = {
				DEFINES_MODULE = YES;
				DYLIB_COMPATIBILITY_VERSION = 1;
				DYLIB_CURRENT_VERSION = 1;
				DYLIB_INSTALL_NAME_BASE = "@rpath";
				INFOPLIST_FILE = PAJSONRequest/Info.plist;
				INSTALL_PATH = "$(LOCAL_LIBRARY_DIR)/Frameworks";
				LD_RUNPATH_SEARCH_PATHS = "$(inherited) @executable_path/Frameworks @loader_path/Frameworks";
				PRODUCT_BUNDLE_IDENTIFIER = com.pabloalejandro.PAJSONRequest;
				PRODUCT_NAME = "$(TARGET_NAME)";
				SKIP_INSTALL = YES;
			};
			name = Release;
		};
		5F6491311CDFB6CD00AA9D8F /* Debug */ = {
			isa = XCBuildConfiguration;
			buildSettings = {
				INFOPLIST_FILE = PAJSONRequestTests/Info.plist;
				LD_RUNPATH_SEARCH_PATHS = "$(inherited) @executable_path/Frameworks @loader_path/Frameworks";
				PRODUCT_BUNDLE_IDENTIFIER = com.pabloalejandro.PAJSONRequestTests;
				PRODUCT_NAME = "$(TARGET_NAME)";
			};
			name = Debug;
		};
		5F6491321CDFB6CD00AA9D8F /* Release */ = {
			isa = XCBuildConfiguration;
			buildSettings = {
				INFOPLIST_FILE = PAJSONRequestTests/Info.plist;
				LD_RUNPATH_SEARCH_PATHS = "$(inherited) @executable_path/Frameworks @loader_path/Frameworks";
				PRODUCT_BUNDLE_IDENTIFIER = com.pabloalejandro.PAJSONRequestTests;
				PRODUCT_NAME = "$(TARGET_NAME)";
			};
			name = Release;
		};
/* End XCBuildConfiguration section */

/* Begin XCConfigurationList section */
		5F6491131CDFB6CD00AA9D8F /* Build configuration list for PBXProject "PAJSONRequest" */ = {
			isa = XCConfigurationList;
			buildConfigurations = (
				5F64912B1CDFB6CD00AA9D8F /* Debug */,
				5F64912C1CDFB6CD00AA9D8F /* Release */,
			);
			defaultConfigurationIsVisible = 0;
			defaultConfigurationName = Release;
		};
		5F64912D1CDFB6CD00AA9D8F /* Build configuration list for PBXNativeTarget "PAJSONRequest" */ = {
			isa = XCConfigurationList;
			buildConfigurations = (
				5F64912E1CDFB6CD00AA9D8F /* Debug */,
				5F64912F1CDFB6CD00AA9D8F /* Release */,
			);
			defaultConfigurationIsVisible = 0;
			defaultConfigurationName = Release;
		};
		5F6491301CDFB6CD00AA9D8F /* Build configuration list for PBXNativeTarget "PAJSONRequestTests" */ = {
			isa = XCConfigurationList;
			buildConfigurations = (
				5F6491311CDFB6CD00AA9D8F /* Debug */,
				5F6491321CDFB6CD00AA9D8F /* Release */,
			);
			defaultConfigurationIsVisible = 0;
			defaultConfigurationName = Release;
		};
/* End XCConfigurationList section */
	};
	rootObject = 5F6491101CDFB6CD00AA9D8F /* Project object */;
}
